{
  "requires": true,
  "lockfileVersion": 1,
  "dependencies": {
    "arrify": {
      "version": "1.0.1",
      "resolved": "https://iotnxt.pkgs.visualstudio.com/_packaging/private-dev/npm/registry/arrify/-/arrify-1.0.1.tgz",
      "integrity": "sha1-iYUI2iIm84DfkEcoRWhJwVAaSw0="
    },
    "buffer-from": {
      "version": "1.1.1",
      "resolved": "https://iotnxt.pkgs.visualstudio.com/_packaging/private-dev/npm/registry/buffer-from/-/buffer-from-1.1.1.tgz",
      "integrity": "sha1-MnE7wCj3XAL9txDXx7zsHyxgcO8="
    },
    "diff": {
      "version": "3.5.0",
      "resolved": "https://iotnxt.pkgs.visualstudio.com/_packaging/private-dev/npm/registry/diff/-/diff-3.5.0.tgz",
      "integrity": "sha1-gAwN0eCov7yVg1wgKtIg/jF+WhI="
    },
    "make-error": {
      "version": "1.3.5",
      "resolved": "https://iotnxt.pkgs.visualstudio.com/_packaging/private-dev/npm/registry/make-error/-/make-error-1.3.5.tgz",
      "integrity": "sha1-7+ToH22yjK3WBccPKcgxtY73dsg="
    },
    "minimist": {
      "version": "1.2.0",
      "resolved": "https://iotnxt.pkgs.visualstudio.com/_packaging/private-dev/npm/registry/minimist/-/minimist-1.2.0.tgz",
      "integrity": "sha1-o1AIsg9BOD7sH7kU9M1d95omQoQ="
    },
    "mkdirp": {
      "version": "0.5.1",
      "resolved": "https://iotnxt.pkgs.visualstudio.com/_packaging/private-dev/npm/registry/mkdirp/-/mkdirp-0.5.1.tgz",
      "integrity": "sha1-MAV0OOrGz3+MR2fzhkjWaX11yQM=",
      "requires": {
        "minimist": "0.0.8"
      },
      "dependencies": {
        "minimist": {
          "version": "0.0.8",
          "resolved": "https://iotnxt.pkgs.visualstudio.com/_packaging/private-dev/npm/registry/minimist/-/minimist-0.0.8.tgz",
          "integrity": "sha1-hX/Kv8M5fSYluCKCYuhqp6ARsF0="
        }
      }
    },
    "source-map": {
      "version": "0.6.1",
      "resolved": "https://iotnxt.pkgs.visualstudio.com/_packaging/private-dev/npm/registry/source-map/-/source-map-0.6.1.tgz",
      "integrity": "sha1-dHIq8y6WFOnCh6jQu95IteLxomM="
    },
    "source-map-support": {
      "version": "0.5.9",
      "resolved": "https://iotnxt.pkgs.visualstudio.com/_packaging/private-dev/npm/registry/source-map-support/-/source-map-support-0.5.9.tgz",
      "integrity": "sha1-QbyVOyU0Jn6i1gW8z6e/oxEc7V8=",
      "requires": {
        "buffer-from": "1.1.1",
        "source-map": "0.6.1"
      }
    },
    "ts-node": {
      "version": "7.0.1",
      "resolved": "https://iotnxt.pkgs.visualstudio.com/_packaging/private-dev/npm/registry/ts-node/-/ts-node-7.0.1.tgz",
      "integrity": "sha1-lWLcLR5tJI0kvFX3c+P2FDN9m68=",
      "requires": {
        "arrify": "1.0.1",
        "buffer-from": "1.1.1",
        "diff": "3.5.0",
        "make-error": "1.3.5",
        "minimist": "1.2.0",
        "mkdirp": "0.5.1",
        "source-map-support": "0.5.9",
        "yn": "2.0.0"
      }
    },
    "yn": {
      "version": "2.0.0",
      "resolved": "https://iotnxt.pkgs.visualstudio.com/_packaging/private-dev/npm/registry/yn/-/yn-2.0.0.tgz",
      "integrity": "sha1-5a2ryKz0CPY4X8dklWhMiOavaJo="
    }
  }
}
